{
  "name": "hugo-toolbox",
  "version": "1.0.20",
  "lockfileVersion": 3,
  "requires": true,
  "packages": {
    "": {
      "name": "hugo-toolbox",
      "version": "1.0.20",
      "license": "GPL-3.0-or-later",
      "dependencies": {
        "hugo-broken-links-checker": "file:../../../hugo-broken-links-checker/production/hugo-broken-links-checker",
        "hugo-clean-cache": "file:../../../hugo-clean-cache/production/hugo-clean-cache",
        "hugo-update-lastmod": "file:../../../hugo-update-lastmod/production/hugo-update-lastmod",
        "picocolors": "^1.1.1",
        "sftp-push-sync": "file:../../../sftp-push-sync/production/sftp-push-sync"
      },
      "bin": {
        "hugo-toolbox": "bin/hugo-toolbox.mjs"
      },
      "devDependencies": {
        "npm-dependency-switcher": "^1.0.8"
      }
    },
    "../../../hugo-broken-links-checker/production/hugo-broken-links-checker": {
      "version": "1.0.3",
      "license": "GPL-3.0-or-later",
      "dependencies": {
        "date-fns": "^4.0.0",
        "linkinator": "^4.0.0",
        "picocolors": "^1.0.0"
      },
      "bin": {
        "hugo-broken-links-checker": "bin/hugo-broken-links-checker.mjs"
      }
    },
    "../../../hugo-clean-cache/production/hugo-clean-cache": {
      "version": "1.0.1",
      "license": "GPL-3.0-or-later",
      "dependencies": {
        "picocolors": "^1.0.0"
      },
      "bin": {
        "hugo-clean-cache": "bin/hugo-clean-cache.mjs"
      }
    },
    "../../../hugo-update-lastmod/production/hugo-update-lastmod": {
      "version": "1.0.7",
      "license": "GPL-3.0-or-later",
      "dependencies": {
        "glob": "^11.0.3",
        "picocolors": "^1.0.0"
      },
      "bin": {
        "hugo-update-lastmod": "bin/hugo-update-lastmod.mjs"
      }
    },
    "../../../sftp-push-sync/production/sftp-push-sync": {
      "version": "1.0.18",
      "license": "GPL-3.0-or-later",
      "dependencies": {
        "diff": "^5.2.0",
        "minimatch": "^9.0.3",
        "picocolors": "^1.0.0",
        "ssh2-sftp-client": "^10.0.0"
      },
      "bin": {
        "sftp-push-sync": "bin/sftp-push-sync.mjs"
      }
    },
    "node_modules/hugo-broken-links-checker": {
      "resolved": "../../../hugo-broken-links-checker/production/hugo-broken-links-checker",
      "link": true
    },
    "node_modules/hugo-clean-cache": {
      "resolved": "../../../hugo-clean-cache/production/hugo-clean-cache",
      "link": true
    },
    "node_modules/hugo-update-lastmod": {
      "resolved": "../../../hugo-update-lastmod/production/hugo-update-lastmod",
      "link": true
    },
    "node_modules/npm-dependency-switcher": {
      "version": "1.0.8",
      "resolved": "https://registry.npmjs.org/npm-dependency-switcher/-/npm-dependency-switcher-1.0.8.tgz",
      "integrity": "sha512-Slrs7BYN9mNSgoSPdzCxhNzCZisyFqo4IVCaujDjHQYfJLjsR5Va04R/x47XHbPTUvM/+gABVa3T9JLV7KObFQ==",
      "dev": true,
      "license": "GPL-3.0-or-later",
      "dependencies": {
        "picocolors": "^1.1.1"
      },
      "bin": {
        "npm-dependency-switcher": "bin/npm-dependency-switcher.mjs"
      }
    },
    "node_modules/picocolors": {
      "version": "1.1.1",
      "resolved": "https://registry.npmjs.org/picocolors/-/picocolors-1.1.1.tgz",
      "integrity": "sha512-xceH2snhtb5M9liqDsmEw56le376mTZkEX/jEb/RxNFyegNul7eNslCXP9FDj/Lcu0X8KEyMceP2ntpaHrDEVA==",
      "license": "ISC"
    },
    "node_modules/sftp-push-sync": {
      "resolved": "../../../sftp-push-sync/production/sftp-push-sync",
      "link": true
    }
  }
}
